
Microsoft Visual Studio Solution File, Format Version 12.00
# Visual Studio Version 17
VisualStudioVersion = 17.4.33205.214
MinimumVisualStudioVersion = 10.0.40219.1
Project("{9A19103F-16F7-4668-BE54-9A1E7A4F7556}") = "LibToGetVacancies", "TelegramChatTopTop\LibToGetVacancies.csproj", "{4422DABA-C3F2-4858-87AE-4E12C63B5F95}"
EndProject
Project("{9A19103F-16F7-4668-BE54-9A1E7A4F7556}") = "HW_TelegramChatTopTop", "HW_TelegramChatTopTop\HW_TelegramChatTopTop.csproj", "{470A37CE-E85E-4C01-98B1-9860303A2658}"
EndProject
Project("{FAE04EC0-301F-11D3-BF4B-00C04F79EFBC}") = "HH_API", "HH_API\HH_API.csproj", "{E61BF2BC-AEAD-417F-B6A6-BD03CDD359EC}"
EndProject
Global
	GlobalSection(SolutionConfigurationPlatforms) = preSolution
		Debug|Any CPU = Debug|Any CPU
		Release|Any CPU = Release|Any CPU
	EndGlobalSection
	GlobalSection(ProjectConfigurationPlatforms) = postSolution
		{4422DABA-C3F2-4858-87AE-4E12C63B5F95}.Debug|Any CPU.ActiveCfg = Debug|Any CPU
		{4422DABA-C3F2-4858-87AE-4E12C63B5F95}.Debug|Any CPU.Build.0 = Debug|Any CPU
		{4422DABA-C3F2-4858-87AE-4E12C63B5F95}.Release|Any CPU.ActiveCfg = Release|Any CPU
		{4422DABA-C3F2-4858-87AE-4E12C63B5F95}.Release|Any CPU.Build.0 = Release|Any CPU
		{470A37CE-E85E-4C01-98B1-9860303A2658}.Debug|Any CPU.ActiveCfg = Debug|Any CPU
		{470A37CE-E85E-4C01-98B1-9860303A2658}.Debug|Any CPU.Build.0 = Debug|Any CPU
		{470A37CE-E85E-4C01-98B1-9860303A2658}.Release|Any CPU.ActiveCfg = Release|Any CPU
		{470A37CE-E85E-4C01-98B1-9860303A2658}.Release|Any CPU.Build.0 = Release|Any CPU
		{E61BF2BC-AEAD-417F-B6A6-BD03CDD359EC}.Debug|Any CPU.ActiveCfg = Debug|Any CPU
		{E61BF2BC-AEAD-417F-B6A6-BD03CDD359EC}.Debug|Any CPU.Build.0 = Debug|Any CPU
		{E61BF2BC-AEAD-417F-B6A6-BD03CDD359EC}.Release|Any CPU.ActiveCfg = Release|Any CPU
		{E61BF2BC-AEAD-417F-B6A6-BD03CDD359EC}.Release|Any CPU.Build.0 = Release|Any CPU
	EndGlobalSection
	GlobalSection(SolutionProperties) = preSolution
		HideSolutionNode = FALSE
	EndGlobalSection
	GlobalSection(ExtensibilityGlobals) = postSolution
		SolutionGuid = {D4E3F2BB-17EB-4012-BFBF-8CC1B4096D11}
	EndGlobalSection
EndGlobal
